// !$*UTF8*$!
{
	archiveVersion = 1;
	classes = {
	};
	objectVersion = 46;
	objects = {

/* Begin PBXBuildFile section */
		1E33EC321EBF5FE600D48139 /* UITraitCollectionExtensionTests.swift in Sources */ = {isa = PBXBuildFile; fileRef = 1E33EC311EBF5FE600D48139 /* UITraitCollectionExtensionTests.swift */; };
		1E33EC341EBF5FE600D48139 /* Layout.framework in Frameworks */ = {isa = PBXBuildFile; fileRef = 1E71EFCC1DE70B8400A65558 /* Layout.framework */; };
		1E3C29521F07BA3500887BC2 /* Nimble.framework in Frameworks */ = {isa = PBXBuildFile; fileRef = 1E0597CD1ECE7C7400C5DF32 /* Nimble.framework */; };
		1E3C29531F07BA3500887BC2 /* Quick.framework in Frameworks */ = {isa = PBXBuildFile; fileRef = 1E0597CE1ECE7C7400C5DF32 /* Quick.framework */; };
		1E3C29541F07BA3B00887BC2 /* Nimble.framework in Frameworks */ = {isa = PBXBuildFile; fileRef = 1E0597C91ECE7C6B00C5DF32 /* Nimble.framework */; };
		1E3C29551F07BA3B00887BC2 /* Quick.framework in Frameworks */ = {isa = PBXBuildFile; fileRef = 1E0597CA1ECE7C6B00C5DF32 /* Quick.framework */; };
		1E3C29561F07BA4300887BC2 /* Nimble.framework in Frameworks */ = {isa = PBXBuildFile; fileRef = 1E0597C51ECE7C6100C5DF32 /* Nimble.framework */; };
		1E3C29571F07BA4300887BC2 /* Quick.framework in Frameworks */ = {isa = PBXBuildFile; fileRef = 1E0597C61ECE7C6100C5DF32 /* Quick.framework */; };
		1E3C29591F07BA7600887BC2 /* LayoutMarginsSpec.swift in Sources */ = {isa = PBXBuildFile; fileRef = 1EFD87571ECE670A0061390D /* LayoutMarginsSpec.swift */; };
		1E3C295A1F07BA7D00887BC2 /* LayoutMarginsSpec.swift in Sources */ = {isa = PBXBuildFile; fileRef = 1EFD87571ECE670A0061390D /* LayoutMarginsSpec.swift */; };
		1E3C295B1F07BA8300887BC2 /* InternalUtilSpec.swift in Sources */ = {isa = PBXBuildFile; fileRef = 1EBF6F9C1EBFBE0B001EB663 /* InternalUtilSpec.swift */; };
		1E3C295C1F07BA8400887BC2 /* InternalUtilSpec.swift in Sources */ = {isa = PBXBuildFile; fileRef = 1EBF6F9C1EBFBE0B001EB663 /* InternalUtilSpec.swift */; };
		1E3C295D1F07BA8800887BC2 /* LayoutManagerSpec.swift in Sources */ = {isa = PBXBuildFile; fileRef = 1EBF6F981EBF6A99001EB663 /* LayoutManagerSpec.swift */; };
		1E3C295E1F07BA8900887BC2 /* LayoutManagerSpec.swift in Sources */ = {isa = PBXBuildFile; fileRef = 1EBF6F981EBF6A99001EB663 /* LayoutManagerSpec.swift */; };
		1E3C295F1F07BA8B00887BC2 /* DynamicLayoutManagerSpec.swift in Sources */ = {isa = PBXBuildFile; fileRef = 1EBF6F9A1EBFB528001EB663 /* DynamicLayoutManagerSpec.swift */; };
		1E3C29601F07BA8C00887BC2 /* DynamicLayoutManagerSpec.swift in Sources */ = {isa = PBXBuildFile; fileRef = 1EBF6F9A1EBFB528001EB663 /* DynamicLayoutManagerSpec.swift */; };
		1E3C29611F07BA8F00887BC2 /* ConstraintContainerSpec.swift in Sources */ = {isa = PBXBuildFile; fileRef = 1EBF6F9E1EBFCAD6001EB663 /* ConstraintContainerSpec.swift */; };
		1E3C29621F07BA8F00887BC2 /* ConstraintContainerSpec.swift in Sources */ = {isa = PBXBuildFile; fileRef = 1EBF6F9E1EBFCAD6001EB663 /* ConstraintContainerSpec.swift */; };
		1E3C29631F07BA9200887BC2 /* LayoutsSpec.swift in Sources */ = {isa = PBXBuildFile; fileRef = 1EBF6FA01EBFCDAF001EB663 /* LayoutsSpec.swift */; };
		1E3C29641F07BA9300887BC2 /* LayoutsSpec.swift in Sources */ = {isa = PBXBuildFile; fileRef = 1EBF6FA01EBFCDAF001EB663 /* LayoutsSpec.swift */; };
		1E3C29651F07BA9600887BC2 /* LayoutOperatorsSpec.swift in Sources */ = {isa = PBXBuildFile; fileRef = 1EBF6FA21EBFD584001EB663 /* LayoutOperatorsSpec.swift */; };
		1E3C29661F07BA9600887BC2 /* LayoutOperatorsSpec.swift in Sources */ = {isa = PBXBuildFile; fileRef = 1EBF6FA21EBFD584001EB663 /* LayoutOperatorsSpec.swift */; };
		1E3F088A1EE7526F0085FE63 /* DynamicLayoutManagerTraitSpec.swift in Sources */ = {isa = PBXBuildFile; fileRef = 1E9696EF1ED3CD0700D6FE3D /* DynamicLayoutManagerTraitSpec.swift */; };
		1E3F088B1EE7526F0085FE63 /* DynamicLayoutManagerTraitSpec.swift in Sources */ = {isa = PBXBuildFile; fileRef = 1E9696EF1ED3CD0700D6FE3D /* DynamicLayoutManagerTraitSpec.swift */; };
		1E4748361DE8CF5C007FD28D /* Utils.swift in Sources */ = {isa = PBXBuildFile; fileRef = 1E4748351DE8CF5C007FD28D /* Utils.swift */; };
		1E6792F01DEF5F8D003771CD /* ConstraintContainer.swift in Sources */ = {isa = PBXBuildFile; fileRef = 1E71EFE91DE710A900A65558 /* ConstraintContainer.swift */; };
		1E6792F11DEF5F8D003771CD /* LayoutDescriptor.swift in Sources */ = {isa = PBXBuildFile; fileRef = 1E71EFE71DE70BAB00A65558 /* LayoutDescriptor.swift */; };
		1E6792F21DEF5F8D003771CD /* Operators.swift in Sources */ = {isa = PBXBuildFile; fileRef = 1E71EFED1DE726D000A65558 /* Operators.swift */; };
		1E6792F31DEF5F8D003771CD /* Layouts.swift in Sources */ = {isa = PBXBuildFile; fileRef = 1E71EFEB1DE726A700A65558 /* Layouts.swift */; };
		1E6792F41DEF5F8D003771CD /* Utils.swift in Sources */ = {isa = PBXBuildFile; fileRef = 1E4748351DE8CF5C007FD28D /* Utils.swift */; };
		1E6792F51DEF5F8D003771CD /* LayoutManager.swift in Sources */ = {isa = PBXBuildFile; fileRef = 1E8EE2C61DEB3D1300232CB0 /* LayoutManager.swift */; };
		1E6792F61DEF5F8D003771CD /* DynamicLayoutManager.swift in Sources */ = {isa = PBXBuildFile; fileRef = 1E8EE2CA1DEB4AA500232CB0 /* DynamicLayoutManager.swift */; };
		1E6792F71DEF5F8E003771CD /* PublicUtils.swift in Sources */ = {isa = PBXBuildFile; fileRef = 1E7A7D2F1DE949A800895227 /* PublicUtils.swift */; };
		1E6792F91DEF5FAA003771CD /* Platform.swift in Sources */ = {isa = PBXBuildFile; fileRef = 1E6792F81DEF5FAA003771CD /* Platform.swift */; };
		1E6792FA1DEF5FAA003771CD /* Platform.swift in Sources */ = {isa = PBXBuildFile; fileRef = 1E6792F81DEF5FAA003771CD /* Platform.swift */; };
		1E71EFE81DE70BAB00A65558 /* LayoutDescriptor.swift in Sources */ = {isa = PBXBuildFile; fileRef = 1E71EFE71DE70BAB00A65558 /* LayoutDescriptor.swift */; };
		1E71EFEA1DE710A900A65558 /* ConstraintContainer.swift in Sources */ = {isa = PBXBuildFile; fileRef = 1E71EFE91DE710A900A65558 /* ConstraintContainer.swift */; };
		1E71EFEC1DE726A700A65558 /* Layouts.swift in Sources */ = {isa = PBXBuildFile; fileRef = 1E71EFEB1DE726A700A65558 /* Layouts.swift */; };
		1E71EFEE1DE726D000A65558 /* Operators.swift in Sources */ = {isa = PBXBuildFile; fileRef = 1E71EFED1DE726D000A65558 /* Operators.swift */; };
		1E780D3D1EBE81D6006AD1D6 /* ConstraintContextStack.swift in Sources */ = {isa = PBXBuildFile; fileRef = 1E780D3C1EBE81D6006AD1D6 /* ConstraintContextStack.swift */; };
		1E780D3F1EBE81D6006AD1D6 /* ConstraintContextStack.swift in Sources */ = {isa = PBXBuildFile; fileRef = 1E780D3C1EBE81D6006AD1D6 /* ConstraintContextStack.swift */; };
		1E7828D81F0932EA003227FE /* SingleConstraintSpec.swift in Sources */ = {isa = PBXBuildFile; fileRef = 1E7828D71F0932EA003227FE /* SingleConstraintSpec.swift */; };
		1E7828D91F0932EA003227FE /* SingleConstraintSpec.swift in Sources */ = {isa = PBXBuildFile; fileRef = 1E7828D71F0932EA003227FE /* SingleConstraintSpec.swift */; };
		1E7828DB1F093745003227FE /* InternalUtilSpec.swift in Sources */ = {isa = PBXBuildFile; fileRef = 1EBF6F9C1EBFBE0B001EB663 /* InternalUtilSpec.swift */; };
		1E7828DC1F093745003227FE /* LayoutManagerSpec.swift in Sources */ = {isa = PBXBuildFile; fileRef = 1EBF6F981EBF6A99001EB663 /* LayoutManagerSpec.swift */; };
		1E7828DD1F093745003227FE /* DynamicLayoutManagerSpec.swift in Sources */ = {isa = PBXBuildFile; fileRef = 1EBF6F9A1EBFB528001EB663 /* DynamicLayoutManagerSpec.swift */; };
		1E7828DE1F093745003227FE /* ConstraintContainerSpec.swift in Sources */ = {isa = PBXBuildFile; fileRef = 1EBF6F9E1EBFCAD6001EB663 /* ConstraintContainerSpec.swift */; };
		1E7828DF1F093745003227FE /* LayoutsSpec.swift in Sources */ = {isa = PBXBuildFile; fileRef = 1EBF6FA01EBFCDAF001EB663 /* LayoutsSpec.swift */; };
		1E7828E01F093745003227FE /* LayoutOperatorsSpec.swift in Sources */ = {isa = PBXBuildFile; fileRef = 1EBF6FA21EBFD584001EB663 /* LayoutOperatorsSpec.swift */; };
		1E7828E11F093745003227FE /* SingleConstraintSpec.swift in Sources */ = {isa = PBXBuildFile; fileRef = 1E7828D71F0932EA003227FE /* SingleConstraintSpec.swift */; };
		1E7A7D301DE949A800895227 /* PublicUtils.swift in Sources */ = {isa = PBXBuildFile; fileRef = 1E7A7D2F1DE949A800895227 /* PublicUtils.swift */; };
		1E8EE2C71DEB3D1300232CB0 /* LayoutManager.swift in Sources */ = {isa = PBXBuildFile; fileRef = 1E8EE2C61DEB3D1300232CB0 /* LayoutManager.swift */; };
		1E8EE2CB1DEB4AA500232CB0 /* DynamicLayoutManager.swift in Sources */ = {isa = PBXBuildFile; fileRef = 1E8EE2CA1DEB4AA500232CB0 /* DynamicLayoutManager.swift */; };
		1EA5E18F1EE6345500A99D71 /* DynamicLayoutManagerUIKitExtensions.swift in Sources */ = {isa = PBXBuildFile; fileRef = 1EA5E18E1EE6345500A99D71 /* DynamicLayoutManagerUIKitExtensions.swift */; };
		1EA5E1901EE6345500A99D71 /* DynamicLayoutManagerUIKitExtensions.swift in Sources */ = {isa = PBXBuildFile; fileRef = 1EA5E18E1EE6345500A99D71 /* DynamicLayoutManagerUIKitExtensions.swift */; };
		1EA5E1921EE635A800A99D71 /* UITraitCollectionExtensions.swift in Sources */ = {isa = PBXBuildFile; fileRef = 1EA5E1911EE635A800A99D71 /* UITraitCollectionExtensions.swift */; };
		1EA5E1931EE635A800A99D71 /* UITraitCollectionExtensions.swift in Sources */ = {isa = PBXBuildFile; fileRef = 1EA5E1911EE635A800A99D71 /* UITraitCollectionExtensions.swift */; };
		1EA5E1961EE6365C00A99D71 /* LayoutsUIKitExtensions.swift in Sources */ = {isa = PBXBuildFile; fileRef = 1EA5E1951EE6365C00A99D71 /* LayoutsUIKitExtensions.swift */; };
		1EA5E1971EE6365C00A99D71 /* LayoutsUIKitExtensions.swift in Sources */ = {isa = PBXBuildFile; fileRef = 1EA5E1951EE6365C00A99D71 /* LayoutsUIKitExtensions.swift */; };
		1EA611E61DEF66860043233D /* Platform.swift in Sources */ = {isa = PBXBuildFile; fileRef = 1E6792F81DEF5FAA003771CD /* Platform.swift */; };
		1EA611E81DEF66860043233D /* ConstraintContainer.swift in Sources */ = {isa = PBXBuildFile; fileRef = 1E71EFE91DE710A900A65558 /* ConstraintContainer.swift */; };
		1EA611E91DEF66860043233D /* LayoutDescriptor.swift in Sources */ = {isa = PBXBuildFile; fileRef = 1E71EFE71DE70BAB00A65558 /* LayoutDescriptor.swift */; };
		1EA611EA1DEF66860043233D /* Operators.swift in Sources */ = {isa = PBXBuildFile; fileRef = 1E71EFED1DE726D000A65558 /* Operators.swift */; };
		1EA611EB1DEF66860043233D /* Layouts.swift in Sources */ = {isa = PBXBuildFile; fileRef = 1E71EFEB1DE726A700A65558 /* Layouts.swift */; };
		1EA611EC1DEF66860043233D /* Utils.swift in Sources */ = {isa = PBXBuildFile; fileRef = 1E4748351DE8CF5C007FD28D /* Utils.swift */; };
		1EA611ED1DEF66860043233D /* LayoutManager.swift in Sources */ = {isa = PBXBuildFile; fileRef = 1E8EE2C61DEB3D1300232CB0 /* LayoutManager.swift */; };
		1EA611EE1DEF66860043233D /* DynamicLayoutManager.swift in Sources */ = {isa = PBXBuildFile; fileRef = 1E8EE2CA1DEB4AA500232CB0 /* DynamicLayoutManager.swift */; };
		1EA611EF1DEF66860043233D /* PublicUtils.swift in Sources */ = {isa = PBXBuildFile; fileRef = 1E7A7D2F1DE949A800895227 /* PublicUtils.swift */; };
		1EBCD3001F11C7B900C6961E /* LayoutConstraintGenerator.swift in Sources */ = {isa = PBXBuildFile; fileRef = 1EBCD2FF1F11C7B900C6961E /* LayoutConstraintGenerator.swift */; };
		1EBCD3011F11C7B900C6961E /* LayoutConstraintGenerator.swift in Sources */ = {isa = PBXBuildFile; fileRef = 1EBCD2FF1F11C7B900C6961E /* LayoutConstraintGenerator.swift */; };
		1EBCD3021F11C7B900C6961E /* LayoutConstraintGenerator.swift in Sources */ = {isa = PBXBuildFile; fileRef = 1EBCD2FF1F11C7B900C6961E /* LayoutConstraintGenerator.swift */; };
		1EBCD3041F11C95F00C6961E /* AnchorLayoutDescriptor.swift in Sources */ = {isa = PBXBuildFile; fileRef = 1EBCD3031F11C95F00C6961E /* AnchorLayoutDescriptor.swift */; };
		1EBCD3051F11C95F00C6961E /* AnchorLayoutDescriptor.swift in Sources */ = {isa = PBXBuildFile; fileRef = 1EBCD3031F11C95F00C6961E /* AnchorLayoutDescriptor.swift */; };
		1EBCD3061F11C95F00C6961E /* AnchorLayoutDescriptor.swift in Sources */ = {isa = PBXBuildFile; fileRef = 1EBCD3031F11C95F00C6961E /* AnchorLayoutDescriptor.swift */; };
		1EBCD3081F11CD3100C6961E /* DimensionLayoutDescriptor.swift in Sources */ = {isa = PBXBuildFile; fileRef = 1EBCD3071F11CD3100C6961E /* DimensionLayoutDescriptor.swift */; };
		1EBCD3091F11CD3100C6961E /* DimensionLayoutDescriptor.swift in Sources */ = {isa = PBXBuildFile; fileRef = 1EBCD3071F11CD3100C6961E /* DimensionLayoutDescriptor.swift */; };
		1EBCD30A1F11CD3100C6961E /* DimensionLayoutDescriptor.swift in Sources */ = {isa = PBXBuildFile; fileRef = 1EBCD3071F11CD3100C6961E /* DimensionLayoutDescriptor.swift */; };
		1EED8A8A1ECE734D00E56366 /* ViewTestExtensions.swift in Sources */ = {isa = PBXBuildFile; fileRef = 1EFD872F1ECE28FF0061390D /* ViewTestExtensions.swift */; };
		1EFD87111ECE0AA90061390D /* Layout.framework in Frameworks */ = {isa = PBXBuildFile; fileRef = 1E6793001DEF65E1003771CD /* Layout.framework */; };
		1EFD87201ECE0ACE0061390D /* Layout.framework in Frameworks */ = {isa = PBXBuildFile; fileRef = 1E6792E71DEF5F1A003771CD /* Layout.framework */; };
		1EFD87301ECE28FF0061390D /* ViewTestExtensions.swift in Sources */ = {isa = PBXBuildFile; fileRef = 1EFD872F1ECE28FF0061390D /* ViewTestExtensions.swift */; };
		1EFD87311ECE2E360061390D /* ViewTestExtensions.swift in Sources */ = {isa = PBXBuildFile; fileRef = 1EFD872F1ECE28FF0061390D /* ViewTestExtensions.swift */; };
		1EFD874B1ECE40A00061390D /* UITraitCollectionExtensionTests.swift in Sources */ = {isa = PBXBuildFile; fileRef = 1E33EC311EBF5FE600D48139 /* UITraitCollectionExtensionTests.swift */; };
/* End PBXBuildFile section */

/* Begin PBXContainerItemProxy section */
		1E33EC351EBF5FE600D48139 /* PBXContainerItemProxy */ = {
			isa = PBXContainerItemProxy;
			containerPortal = 1E71EFC31DE70B8400A65558 /* Project object */;
			proxyType = 1;
			remoteGlobalIDString = 1E71EFCB1DE70B8400A65558;
			remoteInfo = "Layout-iOS";
		};
		1EFD87121ECE0AA90061390D /* PBXContainerItemProxy */ = {
			isa = PBXContainerItemProxy;
			containerPortal = 1E71EFC31DE70B8400A65558 /* Project object */;
			proxyType = 1;
			remoteGlobalIDString = 1E6792FF1DEF65E1003771CD;
			remoteInfo = "Layout-tvOS";
		};
		1EFD87211ECE0ACE0061390D /* PBXContainerItemProxy */ = {
			isa = PBXContainerItemProxy;
			containerPortal = 1E71EFC31DE70B8400A65558 /* Project object */;
			proxyType = 1;
			remoteGlobalIDString = 1E6792E61DEF5F1A003771CD;
			remoteInfo = "Layout-macOS";
		};
/* End PBXContainerItemProxy section */

/* Begin PBXFileReference section */
		1E0597C51ECE7C6100C5DF32 /* Nimble.framework */ = {isa = PBXFileReference; lastKnownFileType = wrapper.framework; name = Nimble.framework; path = Carthage/Build/iOS/Nimble.framework; sourceTree = SOURCE_ROOT; };
		1E0597C61ECE7C6100C5DF32 /* Quick.framework */ = {isa = PBXFileReference; lastKnownFileType = wrapper.framework; name = Quick.framework; path = Carthage/Build/iOS/Quick.framework; sourceTree = SOURCE_ROOT; };
		1E0597C91ECE7C6B00C5DF32 /* Nimble.framework */ = {isa = PBXFileReference; lastKnownFileType = wrapper.framework; name = Nimble.framework; path = Carthage/Build/tvOS/Nimble.framework; sourceTree = SOURCE_ROOT; };
		1E0597CA1ECE7C6B00C5DF32 /* Quick.framework */ = {isa = PBXFileReference; lastKnownFileType = wrapper.framework; name = Quick.framework; path = Carthage/Build/tvOS/Quick.framework; sourceTree = SOURCE_ROOT; };
		1E0597CD1ECE7C7400C5DF32 /* Nimble.framework */ = {isa = PBXFileReference; lastKnownFileType = wrapper.framework; name = Nimble.framework; path = Carthage/Build/Mac/Nimble.framework; sourceTree = SOURCE_ROOT; };
		1E0597CE1ECE7C7400C5DF32 /* Quick.framework */ = {isa = PBXFileReference; lastKnownFileType = wrapper.framework; name = Quick.framework; path = Carthage/Build/Mac/Quick.framework; sourceTree = SOURCE_ROOT; };
		1E33EC2F1EBF5FE600D48139 /* Layout-iOS-Tests.xctest */ = {isa = PBXFileReference; explicitFileType = wrapper.cfbundle; includeInIndex = 0; path = "Layout-iOS-Tests.xctest"; sourceTree = BUILT_PRODUCTS_DIR; };
		1E33EC311EBF5FE600D48139 /* UITraitCollectionExtensionTests.swift */ = {isa = PBXFileReference; lastKnownFileType = sourcecode.swift; path = UITraitCollectionExtensionTests.swift; sourceTree = "<group>"; };
		1E33EC331EBF5FE600D48139 /* Info-iOS.plist */ = {isa = PBXFileReference; lastKnownFileType = text.plist.xml; path = "Info-iOS.plist"; sourceTree = "<group>"; };
		1E4748351DE8CF5C007FD28D /* Utils.swift */ = {isa = PBXFileReference; fileEncoding = 4; lastKnownFileType = sourcecode.swift; path = Utils.swift; sourceTree = "<group>"; };
		1E6792E71DEF5F1A003771CD /* Layout.framework */ = {isa = PBXFileReference; explicitFileType = wrapper.framework; includeInIndex = 0; path = Layout.framework; sourceTree = BUILT_PRODUCTS_DIR; };
		1E6792EA1DEF5F1A003771CD /* Info-macOS.plist */ = {isa = PBXFileReference; lastKnownFileType = text.plist.xml; path = "Info-macOS.plist"; sourceTree = "<group>"; };
		1E6792F81DEF5FAA003771CD /* Platform.swift */ = {isa = PBXFileReference; fileEncoding = 4; lastKnownFileType = sourcecode.swift; path = Platform.swift; sourceTree = "<group>"; };
		1E6793001DEF65E1003771CD /* Layout.framework */ = {isa = PBXFileReference; explicitFileType = wrapper.framework; includeInIndex = 0; path = Layout.framework; sourceTree = BUILT_PRODUCTS_DIR; };
		1E6793031DEF65E1003771CD /* Info-tvOS.plist */ = {isa = PBXFileReference; lastKnownFileType = text.plist.xml; path = "Info-tvOS.plist"; sourceTree = "<group>"; };
		1E71EFCC1DE70B8400A65558 /* Layout.framework */ = {isa = PBXFileReference; explicitFileType = wrapper.framework; includeInIndex = 0; path = Layout.framework; sourceTree = BUILT_PRODUCTS_DIR; };
		1E71EFD01DE70B8400A65558 /* Info-iOS.plist */ = {isa = PBXFileReference; lastKnownFileType = text.plist.xml; path = "Info-iOS.plist"; sourceTree = "<group>"; };
		1E71EFE71DE70BAB00A65558 /* LayoutDescriptor.swift */ = {isa = PBXFileReference; fileEncoding = 4; lastKnownFileType = sourcecode.swift; path = LayoutDescriptor.swift; sourceTree = "<group>"; };
		1E71EFE91DE710A900A65558 /* ConstraintContainer.swift */ = {isa = PBXFileReference; fileEncoding = 4; lastKnownFileType = sourcecode.swift; path = ConstraintContainer.swift; sourceTree = "<group>"; };
		1E71EFEB1DE726A700A65558 /* Layouts.swift */ = {isa = PBXFileReference; fileEncoding = 4; lastKnownFileType = sourcecode.swift; path = Layouts.swift; sourceTree = "<group>"; };
		1E71EFED1DE726D000A65558 /* Operators.swift */ = {isa = PBXFileReference; fileEncoding = 4; lastKnownFileType = sourcecode.swift; path = Operators.swift; sourceTree = "<group>"; };
		1E780D3C1EBE81D6006AD1D6 /* ConstraintContextStack.swift */ = {isa = PBXFileReference; fileEncoding = 4; lastKnownFileType = sourcecode.swift; path = ConstraintContextStack.swift; sourceTree = "<group>"; };
		1E7828D71F0932EA003227FE /* SingleConstraintSpec.swift */ = {isa = PBXFileReference; lastKnownFileType = sourcecode.swift; path = SingleConstraintSpec.swift; sourceTree = "<group>"; };
		1E7A7D2F1DE949A800895227 /* PublicUtils.swift */ = {isa = PBXFileReference; fileEncoding = 4; lastKnownFileType = sourcecode.swift; path = PublicUtils.swift; sourceTree = "<group>"; };
		1E8EE2C61DEB3D1300232CB0 /* LayoutManager.swift */ = {isa = PBXFileReference; fileEncoding = 4; lastKnownFileType = sourcecode.swift; path = LayoutManager.swift; sourceTree = "<group>"; };
		1E8EE2CA1DEB4AA500232CB0 /* DynamicLayoutManager.swift */ = {isa = PBXFileReference; fileEncoding = 4; lastKnownFileType = sourcecode.swift; path = DynamicLayoutManager.swift; sourceTree = "<group>"; };
		1E9696EF1ED3CD0700D6FE3D /* DynamicLayoutManagerTraitSpec.swift */ = {isa = PBXFileReference; fileEncoding = 4; lastKnownFileType = sourcecode.swift; path = DynamicLayoutManagerTraitSpec.swift; sourceTree = "<group>"; };
		1EA5E18E1EE6345500A99D71 /* DynamicLayoutManagerUIKitExtensions.swift */ = {isa = PBXFileReference; lastKnownFileType = sourcecode.swift; path = DynamicLayoutManagerUIKitExtensions.swift; sourceTree = "<group>"; };
		1EA5E1911EE635A800A99D71 /* UITraitCollectionExtensions.swift */ = {isa = PBXFileReference; lastKnownFileType = sourcecode.swift; path = UITraitCollectionExtensions.swift; sourceTree = "<group>"; };
		1EA5E1951EE6365C00A99D71 /* LayoutsUIKitExtensions.swift */ = {isa = PBXFileReference; lastKnownFileType = sourcecode.swift; path = LayoutsUIKitExtensions.swift; sourceTree = "<group>"; };
		1EBCD2FF1F11C7B900C6961E /* LayoutConstraintGenerator.swift */ = {isa = PBXFileReference; lastKnownFileType = sourcecode.swift; path = LayoutConstraintGenerator.swift; sourceTree = "<group>"; };
		1EBCD3031F11C95F00C6961E /* AnchorLayoutDescriptor.swift */ = {isa = PBXFileReference; lastKnownFileType = sourcecode.swift; path = AnchorLayoutDescriptor.swift; sourceTree = "<group>"; };
		1EBCD3071F11CD3100C6961E /* DimensionLayoutDescriptor.swift */ = {isa = PBXFileReference; lastKnownFileType = sourcecode.swift; path = DimensionLayoutDescriptor.swift; sourceTree = "<group>"; };
		1EBF6F981EBF6A99001EB663 /* LayoutManagerSpec.swift */ = {isa = PBXFileReference; fileEncoding = 4; lastKnownFileType = sourcecode.swift; path = LayoutManagerSpec.swift; sourceTree = "<group>"; };
		1EBF6F9A1EBFB528001EB663 /* DynamicLayoutManagerSpec.swift */ = {isa = PBXFileReference; fileEncoding = 4; lastKnownFileType = sourcecode.swift; path = DynamicLayoutManagerSpec.swift; sourceTree = "<group>"; };
		1EBF6F9C1EBFBE0B001EB663 /* InternalUtilSpec.swift */ = {isa = PBXFileReference; fileEncoding = 4; lastKnownFileType = sourcecode.swift; path = InternalUtilSpec.swift; sourceTree = "<group>"; };
		1EBF6F9E1EBFCAD6001EB663 /* ConstraintContainerSpec.swift */ = {isa = PBXFileReference; fileEncoding = 4; lastKnownFileType = sourcecode.swift; path = ConstraintContainerSpec.swift; sourceTree = "<group>"; };
		1EBF6FA01EBFCDAF001EB663 /* LayoutsSpec.swift */ = {isa = PBXFileReference; fileEncoding = 4; lastKnownFileType = sourcecode.swift; path = LayoutsSpec.swift; sourceTree = "<group>"; };
		1EBF6FA21EBFD584001EB663 /* LayoutOperatorsSpec.swift */ = {isa = PBXFileReference; fileEncoding = 4; lastKnownFileType = sourcecode.swift; path = LayoutOperatorsSpec.swift; sourceTree = "<group>"; };
		1EFD870C1ECE0AA90061390D /* Layout-tvOS-Tests.xctest */ = {isa = PBXFileReference; explicitFileType = wrapper.cfbundle; includeInIndex = 0; path = "Layout-tvOS-Tests.xctest"; sourceTree = BUILT_PRODUCTS_DIR; };
		1EFD87101ECE0AA90061390D /* Info-tvOS.plist */ = {isa = PBXFileReference; lastKnownFileType = text.plist.xml; path = "Info-tvOS.plist"; sourceTree = "<group>"; };
		1EFD871B1ECE0ACE0061390D /* Layout-macOS-Tests.xctest */ = {isa = PBXFileReference; explicitFileType = wrapper.cfbundle; includeInIndex = 0; path = "Layout-macOS-Tests.xctest"; sourceTree = BUILT_PRODUCTS_DIR; };
		1EFD871F1ECE0ACE0061390D /* Info-macOS.plist */ = {isa = PBXFileReference; lastKnownFileType = text.plist.xml; path = "Info-macOS.plist"; sourceTree = "<group>"; };
		1EFD872F1ECE28FF0061390D /* ViewTestExtensions.swift */ = {isa = PBXFileReference; fileEncoding = 4; lastKnownFileType = sourcecode.swift; path = ViewTestExtensions.swift; sourceTree = "<group>"; };
		1EFD87571ECE670A0061390D /* LayoutMarginsSpec.swift */ = {isa = PBXFileReference; fileEncoding = 4; lastKnownFileType = sourcecode.swift; path = LayoutMarginsSpec.swift; sourceTree = "<group>"; };
/* End PBXFileReference section */

/* Begin PBXFrameworksBuildPhase section */
		1E33EC2C1EBF5FE600D48139 /* Frameworks */ = {
			isa = PBXFrameworksBuildPhase;
			buildActionMask = 2147483647;
			files = (
				1E33EC341EBF5FE600D48139 /* Layout.framework in Frameworks */,
				1E3C29561F07BA4300887BC2 /* Nimble.framework in Frameworks */,
				1E3C29571F07BA4300887BC2 /* Quick.framework in Frameworks */,
			);
			runOnlyForDeploymentPostprocessing = 0;
		};
		1E6792E31DEF5F1A003771CD /* Frameworks */ = {
			isa = PBXFrameworksBuildPhase;
			buildActionMask = 2147483647;
			files = (
			);
			runOnlyForDeploymentPostprocessing = 0;
		};
		1E6792FC1DEF65E1003771CD /* Frameworks */ = {
			isa = PBXFrameworksBuildPhase;
			buildActionMask = 2147483647;
			files = (
			);
			runOnlyForDeploymentPostprocessing = 0;
		};
		1E71EFC81DE70B8400A65558 /* Frameworks */ = {
			isa = PBXFrameworksBuildPhase;
			buildActionMask = 2147483647;
			files = (
			);
			runOnlyForDeploymentPostprocessing = 0;
		};
		1EFD87091ECE0AA90061390D /* Frameworks */ = {
			isa = PBXFrameworksBuildPhase;
			buildActionMask = 2147483647;
			files = (
				1EFD87111ECE0AA90061390D /* Layout.framework in Frameworks */,
				1E3C29541F07BA3B00887BC2 /* Nimble.framework in Frameworks */,
				1E3C29551F07BA3B00887BC2 /* Quick.framework in Frameworks */,
			);
			runOnlyForDeploymentPostprocessing = 0;
		};
		1EFD87181ECE0ACE0061390D /* Frameworks */ = {
			isa = PBXFrameworksBuildPhase;
			buildActionMask = 2147483647;
			files = (
				1EFD87201ECE0ACE0061390D /* Layout.framework in Frameworks */,
				1E3C29521F07BA3500887BC2 /* Nimble.framework in Frameworks */,
				1E3C29531F07BA3500887BC2 /* Quick.framework in Frameworks */,
			);
			runOnlyForDeploymentPostprocessing = 0;
		};
/* End PBXFrameworksBuildPhase section */

/* Begin PBXGroup section */
		1E0597C21ECE7C4A00C5DF32 /* macOS */ = {
			isa = PBXGroup;
			children = (
				1E0597CD1ECE7C7400C5DF32 /* Nimble.framework */,
				1E0597CE1ECE7C7400C5DF32 /* Quick.framework */,
			);
			name = macOS;
			sourceTree = "<group>";
		};
		1E0597C31ECE7C4E00C5DF32 /* tvOS */ = {
			isa = PBXGroup;
			children = (
				1E0597C91ECE7C6B00C5DF32 /* Nimble.framework */,
				1E0597CA1ECE7C6B00C5DF32 /* Quick.framework */,
			);
			name = tvOS;
			sourceTree = "<group>";
		};
		1E0597C41ECE7C5100C5DF32 /* iOS */ = {
			isa = PBXGroup;
			children = (
				1E0597C51ECE7C6100C5DF32 /* Nimble.framework */,
				1E0597C61ECE7C6100C5DF32 /* Quick.framework */,
			);
			name = iOS;
			sourceTree = "<group>";
		};
		1E33EC301EBF5FE600D48139 /* LayoutTests */ = {
			isa = PBXGroup;
			children = (
				1E33EC3A1EBF601C00D48139 /* Tests */,
				1E33EC3B1EBF601F00D48139 /* Helpers */,
				1E33EC3C1EBF602400D48139 /* Supporting */,
				1EED8A991ECE75FF00E56366 /* Frameworks */,
			);
			path = LayoutTests;
			sourceTree = "<group>";
		};
		1E33EC3A1EBF601C00D48139 /* Tests */ = {
			isa = PBXGroup;
			children = (
				1E3F08891EE751540085FE63 /* UIKit */,
				1EBF6F9C1EBFBE0B001EB663 /* InternalUtilSpec.swift */,
				1EBF6F981EBF6A99001EB663 /* LayoutManagerSpec.swift */,
				1EBF6F9A1EBFB528001EB663 /* DynamicLayoutManagerSpec.swift */,
				1EBF6F9E1EBFCAD6001EB663 /* ConstraintContainerSpec.swift */,
				1EBF6FA01EBFCDAF001EB663 /* LayoutsSpec.swift */,
				1EBF6FA21EBFD584001EB663 /* LayoutOperatorsSpec.swift */,
				1E7828D71F0932EA003227FE /* SingleConstraintSpec.swift */,
			);
			path = Tests;
			sourceTree = "<group>";
		};
		1E33EC3B1EBF601F00D48139 /* Helpers */ = {
			isa = PBXGroup;
			children = (
				1EFD872F1ECE28FF0061390D /* ViewTestExtensions.swift */,
			);
			path = Helpers;
			sourceTree = "<group>";
		};
		1E33EC3C1EBF602400D48139 /* Supporting */ = {
			isa = PBXGroup;
			children = (
				1E33EC331EBF5FE600D48139 /* Info-iOS.plist */,
				1EFD87101ECE0AA90061390D /* Info-tvOS.plist */,
				1EFD871F1ECE0ACE0061390D /* Info-macOS.plist */,
			);
			path = Supporting;
			sourceTree = "<group>";
		};
		1E3F08891EE751540085FE63 /* UIKit */ = {
			isa = PBXGroup;
			children = (
				1EFD87571ECE670A0061390D /* LayoutMarginsSpec.swift */,
				1E33EC311EBF5FE600D48139 /* UITraitCollectionExtensionTests.swift */,
				1E9696EF1ED3CD0700D6FE3D /* DynamicLayoutManagerTraitSpec.swift */,
			);
			path = UIKit;
			sourceTree = "<group>";
		};
		1E71EFC21DE70B8400A65558 = {
			isa = PBXGroup;
			children = (
				1E71EFCE1DE70B8400A65558 /* Layout */,
				1E33EC301EBF5FE600D48139 /* LayoutTests */,
				1E71EFCD1DE70B8400A65558 /* Products */,
			);
			sourceTree = "<group>";
		};
		1E71EFCD1DE70B8400A65558 /* Products */ = {
			isa = PBXGroup;
			children = (
				1E71EFCC1DE70B8400A65558 /* Layout.framework */,
				1E6792E71DEF5F1A003771CD /* Layout.framework */,
				1E6793001DEF65E1003771CD /* Layout.framework */,
				1E33EC2F1EBF5FE600D48139 /* Layout-iOS-Tests.xctest */,
				1EFD870C1ECE0AA90061390D /* Layout-tvOS-Tests.xctest */,
				1EFD871B1ECE0ACE0061390D /* Layout-macOS-Tests.xctest */,
			);
			name = Products;
			sourceTree = "<group>";
		};
		1E71EFCE1DE70B8400A65558 /* Layout */ = {
			isa = PBXGroup;
			children = (
				1E71EFE61DE70B8F00A65558 /* Source */,
				1E71EFEF1DE7579F00A65558 /* Supporting */,
			);
			path = Layout;
			sourceTree = "<group>";
		};
		1E71EFE61DE70B8F00A65558 /* Source */ = {
			isa = PBXGroup;
			children = (
				1E6792F81DEF5FAA003771CD /* Platform.swift */,
				1E4748351DE8CF5C007FD28D /* Utils.swift */,
				1E7A7D2F1DE949A800895227 /* PublicUtils.swift */,
				1E71EFE91DE710A900A65558 /* ConstraintContainer.swift */,
				1EBCD2FF1F11C7B900C6961E /* LayoutConstraintGenerator.swift */,
				1E71EFE71DE70BAB00A65558 /* LayoutDescriptor.swift */,
				1EBCD3031F11C95F00C6961E /* AnchorLayoutDescriptor.swift */,
				1EBCD3071F11CD3100C6961E /* DimensionLayoutDescriptor.swift */,
				1E71EFED1DE726D000A65558 /* Operators.swift */,
				1E71EFEB1DE726A700A65558 /* Layouts.swift */,
				1E8EE2C61DEB3D1300232CB0 /* LayoutManager.swift */,
				1E8EE2CA1DEB4AA500232CB0 /* DynamicLayoutManager.swift */,
				1EA5E1941EE6361400A99D71 /* UIKit */,
			);
			path = Source;
			sourceTree = "<group>";
		};
		1E71EFEF1DE7579F00A65558 /* Supporting */ = {
			isa = PBXGroup;
			children = (
				1E71EFD01DE70B8400A65558 /* Info-iOS.plist */,
				1E6792EA1DEF5F1A003771CD /* Info-macOS.plist */,
				1E6793031DEF65E1003771CD /* Info-tvOS.plist */,
			);
			path = Supporting;
			sourceTree = "<group>";
		};
		1EA5E1941EE6361400A99D71 /* UIKit */ = {
			isa = PBXGroup;
			children = (
				1EA5E18E1EE6345500A99D71 /* DynamicLayoutManagerUIKitExtensions.swift */,
				1EA5E1951EE6365C00A99D71 /* LayoutsUIKitExtensions.swift */,
				1E780D3C1EBE81D6006AD1D6 /* ConstraintContextStack.swift */,
				1EA5E1911EE635A800A99D71 /* UITraitCollectionExtensions.swift */,
			);
			path = UIKit;
			sourceTree = "<group>";
		};
		1EED8A991ECE75FF00E56366 /* Frameworks */ = {
			isa = PBXGroup;
			children = (
				1E0597C41ECE7C5100C5DF32 /* iOS */,
				1E0597C31ECE7C4E00C5DF32 /* tvOS */,
				1E0597C21ECE7C4A00C5DF32 /* macOS */,
			);
			name = Frameworks;
			sourceTree = "<group>";
		};
/* End PBXGroup section */

/* Begin PBXHeadersBuildPhase section */
		1E6792E41DEF5F1A003771CD /* Headers */ = {
			isa = PBXHeadersBuildPhase;
			buildActionMask = 2147483647;
			files = (
			);
			runOnlyForDeploymentPostprocessing = 0;
		};
		1E6792FD1DEF65E1003771CD /* Headers */ = {
			isa = PBXHeadersBuildPhase;
			buildActionMask = 2147483647;
			files = (
			);
			runOnlyForDeploymentPostprocessing = 0;
		};
		1E71EFC91DE70B8400A65558 /* Headers */ = {
			isa = PBXHeadersBuildPhase;
			buildActionMask = 2147483647;
			files = (
			);
			runOnlyForDeploymentPostprocessing = 0;
		};
/* End PBXHeadersBuildPhase section */

/* Begin PBXNativeTarget section */
		1E33EC2E1EBF5FE600D48139 /* Layout-iOS-Tests */ = {
			isa = PBXNativeTarget;
			buildConfigurationList = 1E33EC391EBF5FE600D48139 /* Build configuration list for PBXNativeTarget "Layout-iOS-Tests" */;
			buildPhases = (
				1E33EC2B1EBF5FE600D48139 /* Sources */,
				1E33EC2C1EBF5FE600D48139 /* Frameworks */,
				1E33EC2D1EBF5FE600D48139 /* Resources */,
				1E3C29581F07BA4F00887BC2 /* Carthage */,
			);
			buildRules = (
			);
			dependencies = (
				1E33EC361EBF5FE600D48139 /* PBXTargetDependency */,
			);
			name = "Layout-iOS-Tests";
			productName = "Layout-iOS-Tests";
			productReference = 1E33EC2F1EBF5FE600D48139 /* Layout-iOS-Tests.xctest */;
			productType = "com.apple.product-type.bundle.unit-test";
		};
		1E6792E61DEF5F1A003771CD /* Layout-macOS */ = {
			isa = PBXNativeTarget;
			buildConfigurationList = 1E6792EE1DEF5F1A003771CD /* Build configuration list for PBXNativeTarget "Layout-macOS" */;
			buildPhases = (
				1E6792E21DEF5F1A003771CD /* Sources */,
				1EED8AA71ECE780600E56366 /* Swiftlint */,
				1E6792E31DEF5F1A003771CD /* Frameworks */,
				1E6792E41DEF5F1A003771CD /* Headers */,
				1E6792E51DEF5F1A003771CD /* Resources */,
			);
			buildRules = (
			);
			dependencies = (
			);
			name = "Layout-macOS";
			productName = "Layout-macOS";
			productReference = 1E6792E71DEF5F1A003771CD /* Layout.framework */;
			productType = "com.apple.product-type.framework";
		};
		1E6792FF1DEF65E1003771CD /* Layout-tvOS */ = {
			isa = PBXNativeTarget;
			buildConfigurationList = 1E6793051DEF65E1003771CD /* Build configuration list for PBXNativeTarget "Layout-tvOS" */;
			buildPhases = (
				1E6792FB1DEF65E1003771CD /* Sources */,
				1EED8AA81ECE781400E56366 /* Swiftlint */,
				1E6792FC1DEF65E1003771CD /* Frameworks */,
				1E6792FD1DEF65E1003771CD /* Headers */,
				1E6792FE1DEF65E1003771CD /* Resources */,
			);
			buildRules = (
			);
			dependencies = (
			);
			name = "Layout-tvOS";
			productName = "Layout-tvOS";
			productReference = 1E6793001DEF65E1003771CD /* Layout.framework */;
			productType = "com.apple.product-type.framework";
		};
		1E71EFCB1DE70B8400A65558 /* Layout-iOS */ = {
			isa = PBXNativeTarget;
			buildConfigurationList = 1E71EFE01DE70B8400A65558 /* Build configuration list for PBXNativeTarget "Layout-iOS" */;
			buildPhases = (
				1E71EFC71DE70B8400A65558 /* Sources */,
				1E16D1D91DE9503E002237A9 /* Swiftlint */,
				1E71EFC81DE70B8400A65558 /* Frameworks */,
				1E71EFC91DE70B8400A65558 /* Headers */,
				1E71EFCA1DE70B8400A65558 /* Resources */,
			);
			buildRules = (
			);
			dependencies = (
			);
			name = "Layout-iOS";
			productName = Layout;
			productReference = 1E71EFCC1DE70B8400A65558 /* Layout.framework */;
			productType = "com.apple.product-type.framework";
		};
		1EFD870B1ECE0AA90061390D /* Layout-tvOS-Tests */ = {
			isa = PBXNativeTarget;
			buildConfigurationList = 1EFD87161ECE0AA90061390D /* Build configuration list for PBXNativeTarget "Layout-tvOS-Tests" */;
			buildPhases = (
				1EFD87081ECE0AA90061390D /* Sources */,
				1EFD87091ECE0AA90061390D /* Frameworks */,
				1EFD870A1ECE0AA90061390D /* Resources */,
				1E0597D81ECE7CFA00C5DF32 /* Carthage */,
			);
			buildRules = (
			);
			dependencies = (
				1EFD87131ECE0AA90061390D /* PBXTargetDependency */,
			);
			name = "Layout-tvOS-Tests";
			productName = "Layout-tvOS-Tests";
			productReference = 1EFD870C1ECE0AA90061390D /* Layout-tvOS-Tests.xctest */;
			productType = "com.apple.product-type.bundle.unit-test";
		};
		1EFD871A1ECE0ACE0061390D /* Layout-macOS-Tests */ = {
			isa = PBXNativeTarget;
			buildConfigurationList = 1EFD87231ECE0ACE0061390D /* Build configuration list for PBXNativeTarget "Layout-macOS-Tests" */;
			buildPhases = (
				1EFD87171ECE0ACE0061390D /* Sources */,
				1EFD87181ECE0ACE0061390D /* Frameworks */,
				1EFD87191ECE0ACE0061390D /* Resources */,
				1E0597D91ECE7D2C00C5DF32 /* Carthage */,
			);
			buildRules = (
			);
			dependencies = (
				1EFD87221ECE0ACE0061390D /* PBXTargetDependency */,
			);
			name = "Layout-macOS-Tests";
			productName = "Layout-macOS-Tests";
			productReference = 1EFD871B1ECE0ACE0061390D /* Layout-macOS-Tests.xctest */;
			productType = "com.apple.product-type.bundle.unit-test";
		};
/* End PBXNativeTarget section */

/* Begin PBXProject section */
		1E71EFC31DE70B8400A65558 /* Project object */ = {
			isa = PBXProject;
			attributes = {
				LastSwiftUpdateCheck = 0830;
				LastUpgradeCheck = 0900;
				ORGANIZATIONNAME = SMD;
				TargetAttributes = {
					1E33EC2E1EBF5FE600D48139 = {
						CreatedOnToolsVersion = 8.3.2;
						LastSwiftMigration = 0900;
						ProvisioningStyle = Automatic;
					};
					1E6792E61DEF5F1A003771CD = {
						CreatedOnToolsVersion = 8.1;
						LastSwiftMigration = 0900;
						ProvisioningStyle = Automatic;
					};
					1E6792FF1DEF65E1003771CD = {
						CreatedOnToolsVersion = 8.1;
						LastSwiftMigration = 0900;
						ProvisioningStyle = Automatic;
					};
					1E71EFCB1DE70B8400A65558 = {
						CreatedOnToolsVersion = 8.1;
						LastSwiftMigration = 0900;
						ProvisioningStyle = Automatic;
					};
					1EFD870B1ECE0AA90061390D = {
						CreatedOnToolsVersion = 8.3.2;
						LastSwiftMigration = 0900;
						ProvisioningStyle = Automatic;
					};
					1EFD871A1ECE0ACE0061390D = {
						CreatedOnToolsVersion = 8.3.2;
						LastSwiftMigration = 0900;
						ProvisioningStyle = Automatic;
					};
				};
			};
			buildConfigurationList = 1E71EFC61DE70B8400A65558 /* Build configuration list for PBXProject "Layout" */;
			compatibilityVersion = "Xcode 3.2";
			developmentRegion = English;
			hasScannedForEncodings = 0;
			knownRegions = (
				en,
				Base,
			);
			mainGroup = 1E71EFC21DE70B8400A65558;
			productRefGroup = 1E71EFCD1DE70B8400A65558 /* Products */;
			projectDirPath = "";
			projectRoot = "";
			targets = (
				1E71EFCB1DE70B8400A65558 /* Layout-iOS */,
				1E6792E61DEF5F1A003771CD /* Layout-macOS */,
				1E6792FF1DEF65E1003771CD /* Layout-tvOS */,
				1E33EC2E1EBF5FE600D48139 /* Layout-iOS-Tests */,
				1EFD870B1ECE0AA90061390D /* Layout-tvOS-Tests */,
				1EFD871A1ECE0ACE0061390D /* Layout-macOS-Tests */,
			);
		};
/* End PBXProject section */

/* Begin PBXResourcesBuildPhase section */
		1E33EC2D1EBF5FE600D48139 /* Resources */ = {
			isa = PBXResourcesBuildPhase;
			buildActionMask = 2147483647;
			files = (
			);
			runOnlyForDeploymentPostprocessing = 0;
		};
		1E6792E51DEF5F1A003771CD /* Resources */ = {
			isa = PBXResourcesBuildPhase;
			buildActionMask = 2147483647;
			files = (
			);
			runOnlyForDeploymentPostprocessing = 0;
		};
		1E6792FE1DEF65E1003771CD /* Resources */ = {
			isa = PBXResourcesBuildPhase;
			buildActionMask = 2147483647;
			files = (
			);
			runOnlyForDeploymentPostprocessing = 0;
		};
		1E71EFCA1DE70B8400A65558 /* Resources */ = {
			isa = PBXResourcesBuildPhase;
			buildActionMask = 2147483647;
			files = (
			);
			runOnlyForDeploymentPostprocessing = 0;
		};
		1EFD870A1ECE0AA90061390D /* Resources */ = {
			isa = PBXResourcesBuildPhase;
			buildActionMask = 2147483647;
			files = (
			);
			runOnlyForDeploymentPostprocessing = 0;
		};
		1EFD87191ECE0ACE0061390D /* Resources */ = {
			isa = PBXResourcesBuildPhase;
			buildActionMask = 2147483647;
			files = (
			);
			runOnlyForDeploymentPostprocessing = 0;
		};
/* End PBXResourcesBuildPhase section */

/* Begin PBXShellScriptBuildPhase section */
		1E0597D81ECE7CFA00C5DF32 /* Carthage */ = {
			isa = PBXShellScriptBuildPhase;
			buildActionMask = 2147483647;
			files = (
			);
			inputPaths = (
				"$(SRCROOT)/Carthage/Build/tvOS/Quick.framework",
				"$(SRCROOT)/Carthage/Build/tvOS/Nimble.framework",
			);
			name = Carthage;
			outputPaths = (
			);
			runOnlyForDeploymentPostprocessing = 0;
			shellPath = /bin/sh;
			shellScript = "/usr/local/bin/carthage copy-frameworks";
		};
		1E0597D91ECE7D2C00C5DF32 /* Carthage */ = {
			isa = PBXShellScriptBuildPhase;
			buildActionMask = 2147483647;
			files = (
			);
			inputPaths = (
				"$(SRCROOT)/Carthage/Build/Mac/Quick.framework",
				"$(SRCROOT)/Carthage/Build/Mac/Nimble.framework",
			);
			name = Carthage;
			outputPaths = (
			);
			runOnlyForDeploymentPostprocessing = 0;
			shellPath = /bin/sh;
			shellScript = "/usr/local/bin/carthage copy-frameworks";
		};
		1E16D1D91DE9503E002237A9 /* Swiftlint */ = {
			isa = PBXShellScriptBuildPhase;
			buildActionMask = 2147483647;
			files = (
			);
			inputPaths = (
			);
			name = Swiftlint;
			outputPaths = (
			);
			runOnlyForDeploymentPostprocessing = 0;
			shellPath = /bin/sh;
			shellScript = "if which swiftlint >/dev/null; then\n    swiftlint\nelse\n    echo \"warning: SwiftLint not installed, download from https://github.com/realm/SwiftLint\"\nfi";
		};
		1E3C29581F07BA4F00887BC2 /* Carthage */ = {
			isa = PBXShellScriptBuildPhase;
			buildActionMask = 2147483647;
			files = (
			);
			inputPaths = (
				"$(SRCROOT)/Carthage/Build/iOS/Quick.framework",
				"$(SRCROOT)/Carthage/Build/iOS/Nimble.framework",
			);
			name = Carthage;
			outputPaths = (
			);
			runOnlyForDeploymentPostprocessing = 0;
			shellPath = /bin/sh;
			shellScript = "/usr/local/bin/carthage copy-frameworks";
		};
		1EED8AA71ECE780600E56366 /* Swiftlint */ = {
			isa = PBXShellScriptBuildPhase;
			buildActionMask = 2147483647;
			files = (
			);
			inputPaths = (
			);
			name = Swiftlint;
			outputPaths = (
			);
			runOnlyForDeploymentPostprocessing = 0;
			shellPath = /bin/sh;
			shellScript = "if which swiftlint >/dev/null; then\n    swiftlint\nelse\n    echo \"warning: SwiftLint not installed, download from https://github.com/realm/SwiftLint\"\nfi";
		};
		1EED8AA81ECE781400E56366 /* Swiftlint */ = {
			isa = PBXShellScriptBuildPhase;
			buildActionMask = 2147483647;
			files = (
			);
			inputPaths = (
			);
			name = Swiftlint;
			outputPaths = (
			);
			runOnlyForDeploymentPostprocessing = 0;
			shellPath = /bin/sh;
			shellScript = "if which swiftlint >/dev/null; then\n    swiftlint\nelse\n    echo \"warning: SwiftLint not installed, download from https://github.com/realm/SwiftLint\"\nfi";
		};
/* End PBXShellScriptBuildPhase section */

/* Begin PBXSourcesBuildPhase section */
		1E33EC2B1EBF5FE600D48139 /* Sources */ = {
			isa = PBXSourcesBuildPhase;
			buildActionMask = 2147483647;
			files = (
				1E3C29591F07BA7600887BC2 /* LayoutMarginsSpec.swift in Sources */,
				1E33EC321EBF5FE600D48139 /* UITraitCollectionExtensionTests.swift in Sources */,
				1E3C295D1F07BA8800887BC2 /* LayoutManagerSpec.swift in Sources */,
				1E3C29611F07BA8F00887BC2 /* ConstraintContainerSpec.swift in Sources */,
				1E3C29651F07BA9600887BC2 /* LayoutOperatorsSpec.swift in Sources */,
				1E7828D81F0932EA003227FE /* SingleConstraintSpec.swift in Sources */,
				1E3C295F1F07BA8B00887BC2 /* DynamicLayoutManagerSpec.swift in Sources */,
				1E3C295B1F07BA8300887BC2 /* InternalUtilSpec.swift in Sources */,
				1E3C29631F07BA9200887BC2 /* LayoutsSpec.swift in Sources */,
				1E3F088A1EE7526F0085FE63 /* DynamicLayoutManagerTraitSpec.swift in Sources */,
				1EFD87301ECE28FF0061390D /* ViewTestExtensions.swift in Sources */,
			);
			runOnlyForDeploymentPostprocessing = 0;
		};
		1E6792E21DEF5F1A003771CD /* Sources */ = {
			isa = PBXSourcesBuildPhase;
			buildActionMask = 2147483647;
			files = (
				1EBCD3051F11C95F00C6961E /* AnchorLayoutDescriptor.swift in Sources */,
				1EBCD3091F11CD3100C6961E /* DimensionLayoutDescriptor.swift in Sources */,
				1EBCD3011F11C7B900C6961E /* LayoutConstraintGenerator.swift in Sources */,
				1E6792FA1DEF5FAA003771CD /* Platform.swift in Sources */,
				1E6792F01DEF5F8D003771CD /* ConstraintContainer.swift in Sources */,
				1E6792F51DEF5F8D003771CD /* LayoutManager.swift in Sources */,
				1E6792F41DEF5F8D003771CD /* Utils.swift in Sources */,
				1E6792F61DEF5F8D003771CD /* DynamicLayoutManager.swift in Sources */,
				1E6792F71DEF5F8E003771CD /* PublicUtils.swift in Sources */,
				1E6792F31DEF5F8D003771CD /* Layouts.swift in Sources */,
				1E6792F21DEF5F8D003771CD /* Operators.swift in Sources */,
				1E6792F11DEF5F8D003771CD /* LayoutDescriptor.swift in Sources */,
			);
			runOnlyForDeploymentPostprocessing = 0;
		};
		1E6792FB1DEF65E1003771CD /* Sources */ = {
			isa = PBXSourcesBuildPhase;
			buildActionMask = 2147483647;
			files = (
				1EBCD3021F11C7B900C6961E /* LayoutConstraintGenerator.swift in Sources */,
				1E780D3F1EBE81D6006AD1D6 /* ConstraintContextStack.swift in Sources */,
				1EA5E1971EE6365C00A99D71 /* LayoutsUIKitExtensions.swift in Sources */,
				1EA611E81DEF66860043233D /* ConstraintContainer.swift in Sources */,
				1EA5E1931EE635A800A99D71 /* UITraitCollectionExtensions.swift in Sources */,
				1EA611EF1DEF66860043233D /* PublicUtils.swift in Sources */,
				1EA611E91DEF66860043233D /* LayoutDescriptor.swift in Sources */,
				1EBCD3061F11C95F00C6961E /* AnchorLayoutDescriptor.swift in Sources */,
				1EA611EE1DEF66860043233D /* DynamicLayoutManager.swift in Sources */,
				1EA611EB1DEF66860043233D /* Layouts.swift in Sources */,
				1EA611EC1DEF66860043233D /* Utils.swift in Sources */,
				1EA611EA1DEF66860043233D /* Operators.swift in Sources */,
				1EA611E61DEF66860043233D /* Platform.swift in Sources */,
				1EBCD30A1F11CD3100C6961E /* DimensionLayoutDescriptor.swift in Sources */,
				1EA611ED1DEF66860043233D /* LayoutManager.swift in Sources */,
				1EA5E1901EE6345500A99D71 /* DynamicLayoutManagerUIKitExtensions.swift in Sources */,
			);
			runOnlyForDeploymentPostprocessing = 0;
		};
		1E71EFC71DE70B8400A65558 /* Sources */ = {
			isa = PBXSourcesBuildPhase;
			buildActionMask = 2147483647;
			files = (
				1EBCD3001F11C7B900C6961E /* LayoutConstraintGenerator.swift in Sources */,
				1E780D3D1EBE81D6006AD1D6 /* ConstraintContextStack.swift in Sources */,
				1EA5E1961EE6365C00A99D71 /* LayoutsUIKitExtensions.swift in Sources */,
				1E6792F91DEF5FAA003771CD /* Platform.swift in Sources */,
				1EA5E1921EE635A800A99D71 /* UITraitCollectionExtensions.swift in Sources */,
				1E8EE2C71DEB3D1300232CB0 /* LayoutManager.swift in Sources */,
				1E71EFEC1DE726A700A65558 /* Layouts.swift in Sources */,
				1EBCD3041F11C95F00C6961E /* AnchorLayoutDescriptor.swift in Sources */,
				1E7A7D301DE949A800895227 /* PublicUtils.swift in Sources */,
				1E8EE2CB1DEB4AA500232CB0 /* DynamicLayoutManager.swift in Sources */,
				1E71EFEE1DE726D000A65558 /* Operators.swift in Sources */,
				1E4748361DE8CF5C007FD28D /* Utils.swift in Sources */,
				1E71EFE81DE70BAB00A65558 /* LayoutDescriptor.swift in Sources */,
				1EBCD3081F11CD3100C6961E /* DimensionLayoutDescriptor.swift in Sources */,
				1E71EFEA1DE710A900A65558 /* ConstraintContainer.swift in Sources */,
				1EA5E18F1EE6345500A99D71 /* DynamicLayoutManagerUIKitExtensions.swift in Sources */,
			);
			runOnlyForDeploymentPostprocessing = 0;
		};
		1EFD87081ECE0AA90061390D /* Sources */ = {
			isa = PBXSourcesBuildPhase;
			buildActionMask = 2147483647;
			files = (
				1E3C295A1F07BA7D00887BC2 /* LayoutMarginsSpec.swift in Sources */,
				1EED8A8A1ECE734D00E56366 /* ViewTestExtensions.swift in Sources */,
				1E3C295E1F07BA8900887BC2 /* LayoutManagerSpec.swift in Sources */,
				1E3C29621F07BA8F00887BC2 /* ConstraintContainerSpec.swift in Sources */,
				1E3C29661F07BA9600887BC2 /* LayoutOperatorsSpec.swift in Sources */,
				1E7828D91F0932EA003227FE /* SingleConstraintSpec.swift in Sources */,
				1E3C29601F07BA8C00887BC2 /* DynamicLayoutManagerSpec.swift in Sources */,
				1E3C295C1F07BA8400887BC2 /* InternalUtilSpec.swift in Sources */,
				1E3C29641F07BA9300887BC2 /* LayoutsSpec.swift in Sources */,
				1E3F088B1EE7526F0085FE63 /* DynamicLayoutManagerTraitSpec.swift in Sources */,
				1EFD874B1ECE40A00061390D /* UITraitCollectionExtensionTests.swift in Sources */,
			);
			runOnlyForDeploymentPostprocessing = 0;
		};
		1EFD87171ECE0ACE0061390D /* Sources */ = {
			isa = PBXSourcesBuildPhase;
			buildActionMask = 2147483647;
			files = (
				1E7828E11F093745003227FE /* SingleConstraintSpec.swift in Sources */,
				1E7828DB1F093745003227FE /* InternalUtilSpec.swift in Sources */,
				1E7828DC1F093745003227FE /* LayoutManagerSpec.swift in Sources */,
				1E7828DE1F093745003227FE /* ConstraintContainerSpec.swift in Sources */,
				1E7828E01F093745003227FE /* LayoutOperatorsSpec.swift in Sources */,
				1E7828DF1F093745003227FE /* LayoutsSpec.swift in Sources */,
				1EFD87311ECE2E360061390D /* ViewTestExtensions.swift in Sources */,
				1E7828DD1F093745003227FE /* DynamicLayoutManagerSpec.swift in Sources */,
			);
			runOnlyForDeploymentPostprocessing = 0;
		};
/* End PBXSourcesBuildPhase section */

/* Begin PBXTargetDependency section */
		1E33EC361EBF5FE600D48139 /* PBXTargetDependency */ = {
			isa = PBXTargetDependency;
			target = 1E71EFCB1DE70B8400A65558 /* Layout-iOS */;
			targetProxy = 1E33EC351EBF5FE600D48139 /* PBXContainerItemProxy */;
		};
		1EFD87131ECE0AA90061390D /* PBXTargetDependency */ = {
			isa = PBXTargetDependency;
			target = 1E6792FF1DEF65E1003771CD /* Layout-tvOS */;
			targetProxy = 1EFD87121ECE0AA90061390D /* PBXContainerItemProxy */;
		};
		1EFD87221ECE0ACE0061390D /* PBXTargetDependency */ = {
			isa = PBXTargetDependency;
			target = 1E6792E61DEF5F1A003771CD /* Layout-macOS */;
			targetProxy = 1EFD87211ECE0ACE0061390D /* PBXContainerItemProxy */;
		};
/* End PBXTargetDependency section */

/* Begin XCBuildConfiguration section */
		1E33EC371EBF5FE600D48139 /* Debug */ = {
			isa = XCBuildConfiguration;
			buildSettings = {
				APPLICATION_EXTENSION_API_ONLY = NO;
				CLANG_ANALYZER_NUMBER_OBJECT_CONVERSION = YES_AGGRESSIVE;
				"CODE_SIGN_IDENTITY[sdk=iphoneos*]" = "iPhone Developer";
				FRAMEWORK_SEARCH_PATHS = (
					"$(inherited)",
					"$(PROJECT_DIR)/Carthage/Build/iOS",
				);
				INFOPLIST_FILE = "LayoutTests/Supporting/Info-iOS.plist";
				IPHONEOS_DEPLOYMENT_TARGET = 10.3;
				LD_RUNPATH_SEARCH_PATHS = "$(inherited) @executable_path/Frameworks @loader_path/Frameworks";
				PRODUCT_BUNDLE_IDENTIFIER = "com.smd.Layout-iOS-Tests";
				PRODUCT_NAME = "$(TARGET_NAME)";
				SWIFT_SWIFT3_OBJC_INFERENCE = On;
			};
			name = Debug;
		};
		1E33EC381EBF5FE600D48139 /* Release */ = {
			isa = XCBuildConfiguration;
			buildSettings = {
				APPLICATION_EXTENSION_API_ONLY = NO;
				CLANG_ANALYZER_NUMBER_OBJECT_CONVERSION = YES_AGGRESSIVE;
				"CODE_SIGN_IDENTITY[sdk=iphoneos*]" = "iPhone Developer";
				COPY_PHASE_STRIP = NO;
				FRAMEWORK_SEARCH_PATHS = (
					"$(inherited)",
					"$(PROJECT_DIR)/Carthage/Build/iOS",
				);
				INFOPLIST_FILE = "LayoutTests/Supporting/Info-iOS.plist";
				IPHONEOS_DEPLOYMENT_TARGET = 10.3;
				LD_RUNPATH_SEARCH_PATHS = "$(inherited) @executable_path/Frameworks @loader_path/Frameworks";
				PRODUCT_BUNDLE_IDENTIFIER = "com.smd.Layout-iOS-Tests";
				PRODUCT_NAME = "$(TARGET_NAME)";
				SWIFT_SWIFT3_OBJC_INFERENCE = On;
			};
			name = Release;
		};
		1E6792EC1DEF5F1A003771CD /* Debug */ = {
			isa = XCBuildConfiguration;
			buildSettings = {
				COMBINE_HIDPI_IMAGES = YES;
				DEFINES_MODULE = YES;
				DYLIB_INSTALL_NAME_BASE = "@rpath";
				FRAMEWORK_VERSION = A;
				INFOPLIST_FILE = "Layout/Supporting/Info-macOS.plist";
				INSTALL_PATH = "$(LOCAL_LIBRARY_DIR)/Frameworks";
				LD_RUNPATH_SEARCH_PATHS = "$(inherited) @executable_path/../Frameworks @loader_path/Frameworks";
				MACOSX_DEPLOYMENT_TARGET = 10.12;
				PRODUCT_BUNDLE_IDENTIFIER = "com.smd.Layout-macOS";
				SDKROOT = macosx;
				SKIP_INSTALL = YES;
			};
			name = Debug;
		};
		1E6792ED1DEF5F1A003771CD /* Release */ = {
			isa = XCBuildConfiguration;
			buildSettings = {
				COMBINE_HIDPI_IMAGES = YES;
				DEFINES_MODULE = YES;
				DYLIB_INSTALL_NAME_BASE = "@rpath";
				FRAMEWORK_VERSION = A;
				INFOPLIST_FILE = "Layout/Supporting/Info-macOS.plist";
				INSTALL_PATH = "$(LOCAL_LIBRARY_DIR)/Frameworks";
				LD_RUNPATH_SEARCH_PATHS = "$(inherited) @executable_path/../Frameworks @loader_path/Frameworks";
				MACOSX_DEPLOYMENT_TARGET = 10.12;
				PRODUCT_BUNDLE_IDENTIFIER = "com.smd.Layout-macOS";
				SDKROOT = macosx;
				SKIP_INSTALL = YES;
			};
			name = Release;
		};
		1E6793061DEF65E1003771CD /* Debug */ = {
			isa = XCBuildConfiguration;
			buildSettings = {
				"CODE_SIGN_IDENTITY[sdk=appletvos*]" = "";
				DEFINES_MODULE = YES;
				DYLIB_INSTALL_NAME_BASE = "@rpath";
				INFOPLIST_FILE = "Layout/Supporting/Info-tvOS.plist";
				INSTALL_PATH = "$(LOCAL_LIBRARY_DIR)/Frameworks";
				LD_RUNPATH_SEARCH_PATHS = "$(inherited) @executable_path/Frameworks @loader_path/Frameworks";
				PRODUCT_BUNDLE_IDENTIFIER = "com.smd.Layout-tvOS";
				SDKROOT = appletvos;
				SKIP_INSTALL = YES;
				TARGETED_DEVICE_FAMILY = 3;
				TVOS_DEPLOYMENT_TARGET = 10.0;
			};
			name = Debug;
		};
		1E6793071DEF65E1003771CD /* Release */ = {
			isa = XCBuildConfiguration;
			buildSettings = {
				"CODE_SIGN_IDENTITY[sdk=appletvos*]" = "";
				DEFINES_MODULE = YES;
				DYLIB_INSTALL_NAME_BASE = "@rpath";
				INFOPLIST_FILE = "Layout/Supporting/Info-tvOS.plist";
				INSTALL_PATH = "$(LOCAL_LIBRARY_DIR)/Frameworks";
				LD_RUNPATH_SEARCH_PATHS = "$(inherited) @executable_path/Frameworks @loader_path/Frameworks";
				PRODUCT_BUNDLE_IDENTIFIER = "com.smd.Layout-tvOS";
				SDKROOT = appletvos;
				SKIP_INSTALL = YES;
				TARGETED_DEVICE_FAMILY = 3;
				TVOS_DEPLOYMENT_TARGET = 10.0;
			};
			name = Release;
		};
		1E71EFDE1DE70B8400A65558 /* Debug */ = {
			isa = XCBuildConfiguration;
			buildSettings = {
				ALWAYS_SEARCH_USER_PATHS = NO;
				APPLICATION_EXTENSION_API_ONLY = YES;
				CLANG_ANALYZER_NONNULL = YES;
				CLANG_CXX_LANGUAGE_STANDARD = "gnu++0x";
				CLANG_CXX_LIBRARY = "libc++";
				CLANG_ENABLE_MODULES = YES;
				CLANG_ENABLE_OBJC_ARC = YES;
				CLANG_WARN_BLOCK_CAPTURE_AUTORELEASING = YES;
				CLANG_WARN_BOOL_CONVERSION = YES;
				CLANG_WARN_COMMA = YES;
				CLANG_WARN_CONSTANT_CONVERSION = YES;
				CLANG_WARN_DIRECT_OBJC_ISA_USAGE = YES_ERROR;
				CLANG_WARN_DOCUMENTATION_COMMENTS = YES;
				CLANG_WARN_EMPTY_BODY = YES;
				CLANG_WARN_ENUM_CONVERSION = YES;
				CLANG_WARN_INFINITE_RECURSION = YES;
				CLANG_WARN_INT_CONVERSION = YES;
				CLANG_WARN_NON_LITERAL_NULL_CONVERSION = YES;
				CLANG_WARN_OBJC_LITERAL_CONVERSION = YES;
				CLANG_WARN_OBJC_ROOT_CLASS = YES_ERROR;
				CLANG_WARN_RANGE_LOOP_ANALYSIS = YES;
				CLANG_WARN_STRICT_PROTOTYPES = YES;
				CLANG_WARN_SUSPICIOUS_MOVE = YES;
				CLANG_WARN_SUSPICIOUS_MOVES = YES;
				CLANG_WARN_UNREACHABLE_CODE = YES;
				CLANG_WARN__DUPLICATE_METHOD_MATCH = YES;
				COPY_PHASE_STRIP = NO;
				DEBUG_INFORMATION_FORMAT = dwarf;
				ENABLE_STRICT_OBJC_MSGSEND = YES;
				ENABLE_TESTABILITY = YES;
				GCC_C_LANGUAGE_STANDARD = gnu99;
				GCC_DYNAMIC_NO_PIC = NO;
				GCC_NO_COMMON_BLOCKS = YES;
				GCC_OPTIMIZATION_LEVEL = 0;
				GCC_PREPROCESSOR_DEFINITIONS = (
					"DEBUG=1",
					"$(inherited)",
				);
				GCC_WARN_64_TO_32_BIT_CONVERSION = YES;
				GCC_WARN_ABOUT_RETURN_TYPE = YES_ERROR;
				GCC_WARN_UNDECLARED_SELECTOR = YES;
				GCC_WARN_UNINITIALIZED_AUTOS = YES_AGGRESSIVE;
				GCC_WARN_UNUSED_FUNCTION = YES;
				GCC_WARN_UNUSED_VARIABLE = YES;
				IPHONEOS_DEPLOYMENT_TARGET = 10.0;
				MTL_ENABLE_DEBUG_INFO = YES;
				ONLY_ACTIVE_ARCH = YES;
				PRODUCT_NAME = Layout;
				SDKROOT = iphoneos;
				SWIFT_ACTIVE_COMPILATION_CONDITIONS = DEBUG;
				SWIFT_OPTIMIZATION_LEVEL = "-Onone";
				SWIFT_SWIFT3_OBJC_INFERENCE = Off;
				SWIFT_VERSION = 4.0;
				TARGETED_DEVICE_FAMILY = "1,2";
			};
			name = Debug;
		};
		1E71EFDF1DE70B8400A65558 /* Release */ = {
			isa = XCBuildConfiguration;
			buildSettings = {
				ALWAYS_SEARCH_USER_PATHS = NO;
				APPLICATION_EXTENSION_API_ONLY = YES;
				CLANG_ANALYZER_NONNULL = YES;
				CLANG_CXX_LANGUAGE_STANDARD = "gnu++0x";
				CLANG_CXX_LIBRARY = "libc++";
				CLANG_ENABLE_MODULES = YES;
				CLANG_ENABLE_OBJC_ARC = YES;
				CLANG_WARN_BLOCK_CAPTURE_AUTORELEASING = YES;
				CLANG_WARN_BOOL_CONVERSION = YES;
				CLANG_WARN_COMMA = YES;
				CLANG_WARN_CONSTANT_CONVERSION = YES;
				CLANG_WARN_DIRECT_OBJC_ISA_USAGE = YES_ERROR;
				CLANG_WARN_DOCUMENTATION_COMMENTS = YES;
				CLANG_WARN_EMPTY_BODY = YES;
				CLANG_WARN_ENUM_CONVERSION = YES;
				CLANG_WARN_INFINITE_RECURSION = YES;
				CLANG_WARN_INT_CONVERSION = YES;
				CLANG_WARN_NON_LITERAL_NULL_CONVERSION = YES;
				CLANG_WARN_OBJC_LITERAL_CONVERSION = YES;
				CLANG_WARN_OBJC_ROOT_CLASS = YES_ERROR;
				CLANG_WARN_RANGE_LOOP_ANALYSIS = YES;
				CLANG_WARN_STRICT_PROTOTYPES = YES;
				CLANG_WARN_SUSPICIOUS_MOVE = YES;
				CLANG_WARN_SUSPICIOUS_MOVES = YES;
				CLANG_WARN_UNREACHABLE_CODE = YES;
				CLANG_WARN__DUPLICATE_METHOD_MATCH = YES;
				COPY_PHASE_STRIP = YES;
				DEBUG_INFORMATION_FORMAT = "dwarf-with-dsym";
				ENABLE_NS_ASSERTIONS = NO;
				ENABLE_STRICT_OBJC_MSGSEND = YES;
				GCC_C_LANGUAGE_STANDARD = gnu99;
				GCC_NO_COMMON_BLOCKS = YES;
				GCC_WARN_64_TO_32_BIT_CONVERSION = YES;
				GCC_WARN_ABOUT_RETURN_TYPE = YES_ERROR;
				GCC_WARN_UNDECLARED_SELECTOR = YES;
				GCC_WARN_UNINITIALIZED_AUTOS = YES_AGGRESSIVE;
				GCC_WARN_UNUSED_FUNCTION = YES;
				GCC_WARN_UNUSED_VARIABLE = YES;
				IPHONEOS_DEPLOYMENT_TARGET = 10.0;
				MTL_ENABLE_DEBUG_INFO = NO;
				PRODUCT_NAME = Layout;
				SDKROOT = iphoneos;
				SWIFT_OPTIMIZATION_LEVEL = "-Owholemodule";
				SWIFT_SWIFT3_OBJC_INFERENCE = Off;
				SWIFT_VERSION = 4.0;
				TARGETED_DEVICE_FAMILY = "1,2";
				VALIDATE_PRODUCT = YES;
			};
			name = Release;
		};
		1E71EFE11DE70B8400A65558 /* Debug */ = {
			isa = XCBuildConfiguration;
			buildSettings = {
				CLANG_ENABLE_MODULES = YES;
				DEFINES_MODULE = YES;
				DYLIB_INSTALL_NAME_BASE = "@rpath";
				INFOPLIST_FILE = "Layout/Supporting/Info-iOS.plist";
				INSTALL_PATH = "$(LOCAL_LIBRARY_DIR)/Frameworks";
				IPHONEOS_DEPLOYMENT_TARGET = 10.0;
				LD_RUNPATH_SEARCH_PATHS = "$(inherited) @executable_path/Frameworks @loader_path/Frameworks";
				PRODUCT_BUNDLE_IDENTIFIER = com.smd.Layout;
				SKIP_INSTALL = YES;
			};
			name = Debug;
		};
		1E71EFE21DE70B8400A65558 /* Release */ = {
			isa = XCBuildConfiguration;
			buildSettings = {
				CLANG_ENABLE_MODULES = YES;
				DEFINES_MODULE = YES;
				DYLIB_INSTALL_NAME_BASE = "@rpath";
				INFOPLIST_FILE = "Layout/Supporting/Info-iOS.plist";
				INSTALL_PATH = "$(LOCAL_LIBRARY_DIR)/Frameworks";
				IPHONEOS_DEPLOYMENT_TARGET = 10.0;
				LD_RUNPATH_SEARCH_PATHS = "$(inherited) @executable_path/Frameworks @loader_path/Frameworks";
				PRODUCT_BUNDLE_IDENTIFIER = com.smd.Layout;
				SKIP_INSTALL = YES;
			};
			name = Release;
		};
		1EFD87141ECE0AA90061390D /* Debug */ = {
			isa = XCBuildConfiguration;
			buildSettings = {
				APPLICATION_EXTENSION_API_ONLY = NO;
				CLANG_ANALYZER_NUMBER_OBJECT_CONVERSION = YES_AGGRESSIVE;
				FRAMEWORK_SEARCH_PATHS = (
					"$(inherited)",
					"$(PROJECT_DIR)/Carthage/Build/tvOS",
				);
				INFOPLIST_FILE = "LayoutTests/Supporting/Info-tvOS.plist";
				LD_RUNPATH_SEARCH_PATHS = "$(inherited) @executable_path/Frameworks @loader_path/Frameworks";
				PRODUCT_BUNDLE_IDENTIFIER = "com.smd.Layout-tvOS-Tests";
				PRODUCT_NAME = "$(TARGET_NAME)";
				SDKROOT = appletvos;
				SWIFT_SWIFT3_OBJC_INFERENCE = On;
				TVOS_DEPLOYMENT_TARGET = 10.2;
			};
			name = Debug;
		};
		1EFD87151ECE0AA90061390D /* Release */ = {
			isa = XCBuildConfiguration;
			buildSettings = {
				APPLICATION_EXTENSION_API_ONLY = NO;
				CLANG_ANALYZER_NUMBER_OBJECT_CONVERSION = YES_AGGRESSIVE;
				COPY_PHASE_STRIP = NO;
				FRAMEWORK_SEARCH_PATHS = (
					"$(inherited)",
					"$(PROJECT_DIR)/Carthage/Build/tvOS",
				);
				INFOPLIST_FILE = "LayoutTests/Supporting/Info-tvOS.plist";
				LD_RUNPATH_SEARCH_PATHS = "$(inherited) @executable_path/Frameworks @loader_path/Frameworks";
				PRODUCT_BUNDLE_IDENTIFIER = "com.smd.Layout-tvOS-Tests";
				PRODUCT_NAME = "$(TARGET_NAME)";
				SDKROOT = appletvos;
				SWIFT_SWIFT3_OBJC_INFERENCE = On;
				TVOS_DEPLOYMENT_TARGET = 10.2;
			};
			name = Release;
		};
		1EFD87241ECE0ACE0061390D /* Debug */ = {
			isa = XCBuildConfiguration;
			buildSettings = {
				APPLICATION_EXTENSION_API_ONLY = NO;
				CLANG_ANALYZER_NUMBER_OBJECT_CONVERSION = YES_AGGRESSIVE;
				CODE_SIGN_IDENTITY = "-";
				COMBINE_HIDPI_IMAGES = YES;
				FRAMEWORK_SEARCH_PATHS = (
					"$(inherited)",
					"$(PROJECT_DIR)/Carthage/Build/Mac",
				);
				INFOPLIST_FILE = "LayoutTests/Supporting/Info-macOS.plist";
				LD_RUNPATH_SEARCH_PATHS = "$(inherited) @executable_path/../Frameworks @loader_path/../Frameworks";
				MACOSX_DEPLOYMENT_TARGET = 10.12;
				PRODUCT_BUNDLE_IDENTIFIER = "com.smd.Layout-macOS-Tests";
				PRODUCT_NAME = "$(TARGET_NAME)";
				SDKROOT = macosx;
				SWIFT_SWIFT3_OBJC_INFERENCE = On;
			};
			name = Debug;
		};
		1EFD87251ECE0ACE0061390D /* Release */ = {
			isa = XCBuildConfiguration;
			buildSettings = {
				APPLICATION_EXTENSION_API_ONLY = NO;
				CLANG_ANALYZER_NUMBER_OBJECT_CONVERSION = YES_AGGRESSIVE;
				CODE_SIGN_IDENTITY = "-";
				COMBINE_HIDPI_IMAGES = YES;
				COPY_PHASE_STRIP = NO;
				FRAMEWORK_SEARCH_PATHS = (
					"$(inherited)",
					"$(PROJECT_DIR)/Carthage/Build/Mac",
				);
				INFOPLIST_FILE = "LayoutTests/Supporting/Info-macOS.plist";
				LD_RUNPATH_SEARCH_PATHS = "$(inherited) @executable_path/../Frameworks @loader_path/../Frameworks";
				MACOSX_DEPLOYMENT_TARGET = 10.12;
				PRODUCT_BUNDLE_IDENTIFIER = "com.smd.Layout-macOS-Tests";
				PRODUCT_NAME = "$(TARGET_NAME)";
				SDKROOT = macosx;
				SWIFT_SWIFT3_OBJC_INFERENCE = On;
			};
			name = Release;
		};
/* End XCBuildConfiguration section */

/* Begin XCConfigurationList section */
		1E33EC391EBF5FE600D48139 /* Build configuration list for PBXNativeTarget "Layout-iOS-Tests" */ = {
			isa = XCConfigurationList;
			buildConfigurations = (
				1E33EC371EBF5FE600D48139 /* Debug */,
				1E33EC381EBF5FE600D48139 /* Release */,
			);
			defaultConfigurationIsVisible = 0;
			defaultConfigurationName = Release;
		};
		1E6792EE1DEF5F1A003771CD /* Build configuration list for PBXNativeTarget "Layout-macOS" */ = {
			isa = XCConfigurationList;
			buildConfigurations = (
				1E6792EC1DEF5F1A003771CD /* Debug */,
				1E6792ED1DEF5F1A003771CD /* Release */,
			);
			defaultConfigurationIsVisible = 0;
			defaultConfigurationName = Release;
		};
		1E6793051DEF65E1003771CD /* Build configuration list for PBXNativeTarget "Layout-tvOS" */ = {
			isa = XCConfigurationList;
			buildConfigurations = (
				1E6793061DEF65E1003771CD /* Debug */,
				1E6793071DEF65E1003771CD /* Release */,
			);
			defaultConfigurationIsVisible = 0;
			defaultConfigurationName = Release;
		};
		1E71EFC61DE70B8400A65558 /* Build configuration list for PBXProject "Layout" */ = {
			isa = XCConfigurationList;
			buildConfigurations = (
				1E71EFDE1DE70B8400A65558 /* Debug */,
				1E71EFDF1DE70B8400A65558 /* Release */,
			);
			defaultConfigurationIsVisible = 0;
			defaultConfigurationName = Release;
		};
		1E71EFE01DE70B8400A65558 /* Build configuration list for PBXNativeTarget "Layout-iOS" */ = {
			isa = XCConfigurationList;
			buildConfigurations = (
				1E71EFE11DE70B8400A65558 /* Debug */,
				1E71EFE21DE70B8400A65558 /* Release */,
			);
			defaultConfigurationIsVisible = 0;
			defaultConfigurationName = Release;
		};
		1EFD87161ECE0AA90061390D /* Build configuration list for PBXNativeTarget "Layout-tvOS-Tests" */ = {
			isa = XCConfigurationList;
			buildConfigurations = (
				1EFD87141ECE0AA90061390D /* Debug */,
				1EFD87151ECE0AA90061390D /* Release */,
			);
			defaultConfigurationIsVisible = 0;
			defaultConfigurationName = Release;
		};
		1EFD87231ECE0ACE0061390D /* Build configuration list for PBXNativeTarget "Layout-macOS-Tests" */ = {
			isa = XCConfigurationList;
			buildConfigurations = (
				1EFD87241ECE0ACE0061390D /* Debug */,
				1EFD87251ECE0ACE0061390D /* Release */,
			);
			defaultConfigurationIsVisible = 0;
			defaultConfigurationName = Release;
		};
/* End XCConfigurationList section */
	};
	rootObject = 1E71EFC31DE70B8400A65558 /* Project object */;
}
